
Microsoft Visual Studio Solution File, Format Version 12.00
# Visual Studio Version 16
VisualStudioVersion = 16.0.31729.503
MinimumVisualStudioVersion = 10.0.40219.1
Project("{FAE04EC0-301F-11D3-BF4B-00C04F79EFBC}") = "SpotCheck-API", "SpotCheck-API.csproj", "{1FEFF65F-24FF-4A19-818E-9413F5FE1887}"
EndProject
Global
	GlobalSection(SolutionConfigurationPlatforms) = preSolution
		Debug|Any CPU = Debug|Any CPU
		Release|Any CPU = Release|Any CPU
	EndGlobalSection
	GlobalSection(ProjectConfigurationPlatforms) = postSolution
		{1FEFF65F-24FF-4A19-818E-9413F5FE1887}.Debug|Any CPU.ActiveCfg = Debug|Any CPU
		{1FEFF65F-24FF-4A19-818E-9413F5FE1887}.Debug|Any CPU.Build.0 = Debug|Any CPU
		{1FEFF65F-24FF-4A19-818E-9413F5FE1887}.Release|Any CPU.ActiveCfg = Release|Any CPU
		{1FEFF65F-24FF-4A19-818E-9413F5FE1887}.Release|Any CPU.Build.0 = Release|Any CPU
	EndGlobalSection
	GlobalSection(SolutionProperties) = preSolution
		HideSolutionNode = FALSE
	EndGlobalSection
	GlobalSection(ExtensibilityGlobals) = postSolution
		SolutionGuid = {E58EC875-6975-4472-A92D-F37D0AA8581D}
	EndGlobalSection
EndGlobal
